
Microsoft Visual Studio Solution File, Format Version 12.00
# Visual Studio Version 17
VisualStudioVersion = 17.3.32922.545
MinimumVisualStudioVersion = 10.0.40219.1
Project("{8BC9CEB8-8B4A-11D0-8D11-00A0C91BC942}") = "RayTracer", "RayTracer.vcxproj", "{863786BE-3583-461A-9241-DA04712AAFDF}"
EndProject
Global
	GlobalSection(SolutionConfigurationPlatforms) = preSolution
		Debug|x64 = Debug|x64
		Debug|x86 = Debug|x86
		Release|x64 = Release|x64
		Release|x86 = Release|x86
	EndGlobalSection
	GlobalSection(ProjectConfigurationPlatforms) = postSolution
		{863786BE-3583-461A-9241-DA04712AAFDF}.Debug|x64.ActiveCfg = Debug|x64
		{863786BE-3583-461A-9241-DA04712AAFDF}.Debug|x64.Build.0 = Debug|x64
		{863786BE-3583-461A-9241-DA04712AAFDF}.Debug|x86.ActiveCfg = Debug|Win32
		{863786BE-3583-461A-9241-DA04712AAFDF}.Debug|x86.Build.0 = Debug|Win32
		{863786BE-3583-461A-9241-DA04712AAFDF}.Release|x64.ActiveCfg = Release|x64
		{863786BE-3583-461A-9241-DA04712AAFDF}.Release|x64.Build.0 = Release|x64
		{863786BE-3583-461A-9241-DA04712AAFDF}.Release|x86.ActiveCfg = Release|Win32
		{863786BE-3583-461A-9241-DA04712AAFDF}.Release|x86.Build.0 = Release|Win32
	EndGlobalSection
	GlobalSection(SolutionProperties) = preSolution
		HideSolutionNode = FALSE
	EndGlobalSection
	GlobalSection(ExtensibilityGlobals) = postSolution
		SolutionGuid = {521B5A3C-D84F-4D81-B087-EA366362186E}
	EndGlobalSection
EndGlobal
